
Microsoft Visual Studio Solution File, Format Version 12.00
# Visual Studio Version 17
VisualStudioVersion = 17.1.32407.343
MinimumVisualStudioVersion = 10.0.40219.1
Project("{8BC9CEB8-8B4A-11D0-8D11-00A0C91BC942}") = "lab_3.3E", "lab_3.3E\lab_3.3E.vcxproj", "{CA8C9F9B-7F8F-431D-B26A-42F30BD5AD85}"
EndProject
Project("{8BC9CEB8-8B4A-11D0-8D11-00A0C91BC942}") = "UnitTest1", "UnitTest1\UnitTest1.vcxproj", "{00ABAA1D-D14B-4DB4-BBA0-B535087ED790}"
EndProject
Global
	GlobalSection(SolutionConfigurationPlatforms) = preSolution
		Debug|x64 = Debug|x64
		Debug|x86 = Debug|x86
		Release|x64 = Release|x64
		Release|x86 = Release|x86
	EndGlobalSection
	GlobalSection(ProjectConfigurationPlatforms) = postSolution
		{CA8C9F9B-7F8F-431D-B26A-42F30BD5AD85}.Debug|x64.ActiveCfg = Debug|x64
		{CA8C9F9B-7F8F-431D-B26A-42F30BD5AD85}.Debug|x64.Build.0 = Debug|x64
		{CA8C9F9B-7F8F-431D-B26A-42F30BD5AD85}.Debug|x86.ActiveCfg = Debug|Win32
		{CA8C9F9B-7F8F-431D-B26A-42F30BD5AD85}.Debug|x86.Build.0 = Debug|Win32
		{CA8C9F9B-7F8F-431D-B26A-42F30BD5AD85}.Release|x64.ActiveCfg = Release|x64
		{CA8C9F9B-7F8F-431D-B26A-42F30BD5AD85}.Release|x64.Build.0 = Release|x64
		{CA8C9F9B-7F8F-431D-B26A-42F30BD5AD85}.Release|x86.ActiveCfg = Release|Win32
		{CA8C9F9B-7F8F-431D-B26A-42F30BD5AD85}.Release|x86.Build.0 = Release|Win32
		{00ABAA1D-D14B-4DB4-BBA0-B535087ED790}.Debug|x64.ActiveCfg = Debug|x64
		{00ABAA1D-D14B-4DB4-BBA0-B535087ED790}.Debug|x64.Build.0 = Debug|x64
		{00ABAA1D-D14B-4DB4-BBA0-B535087ED790}.Debug|x86.ActiveCfg = Debug|Win32
		{00ABAA1D-D14B-4DB4-BBA0-B535087ED790}.Debug|x86.Build.0 = Debug|Win32
		{00ABAA1D-D14B-4DB4-BBA0-B535087ED790}.Release|x64.ActiveCfg = Release|x64
		{00ABAA1D-D14B-4DB4-BBA0-B535087ED790}.Release|x64.Build.0 = Release|x64
		{00ABAA1D-D14B-4DB4-BBA0-B535087ED790}.Release|x86.ActiveCfg = Release|Win32
		{00ABAA1D-D14B-4DB4-BBA0-B535087ED790}.Release|x86.Build.0 = Release|Win32
	EndGlobalSection
	GlobalSection(SolutionProperties) = preSolution
		HideSolutionNode = FALSE
	EndGlobalSection
	GlobalSection(ExtensibilityGlobals) = postSolution
		SolutionGuid = {A23E15D8-639D-4B91-A6FB-192ECC8862D3}
	EndGlobalSection
EndGlobal
